
Microsoft Visual Studio Solution File, Format Version 12.00
# Visual Studio Version 17
VisualStudioVersion = 17.4.33213.308
MinimumVisualStudioVersion = 10.0.40219.1
Project("{9A19103F-16F7-4668-BE54-9A1E7A4F7556}") = "TareasParte3", "TareasParte3.csproj", "{94B6730F-9514-4D5F-9DA8-58CB10C0CA6C}"
EndProject
Global
	GlobalSection(SolutionConfigurationPlatforms) = preSolution
		Debug|Any CPU = Debug|Any CPU
		Release|Any CPU = Release|Any CPU
	EndGlobalSection
	GlobalSection(ProjectConfigurationPlatforms) = postSolution
		{94B6730F-9514-4D5F-9DA8-58CB10C0CA6C}.Debug|Any CPU.ActiveCfg = Debug|Any CPU
		{94B6730F-9514-4D5F-9DA8-58CB10C0CA6C}.Debug|Any CPU.Build.0 = Debug|Any CPU
		{94B6730F-9514-4D5F-9DA8-58CB10C0CA6C}.Release|Any CPU.ActiveCfg = Release|Any CPU
		{94B6730F-9514-4D5F-9DA8-58CB10C0CA6C}.Release|Any CPU.Build.0 = Release|Any CPU
	EndGlobalSection
	GlobalSection(SolutionProperties) = preSolution
		HideSolutionNode = FALSE
	EndGlobalSection
	GlobalSection(ExtensibilityGlobals) = postSolution
		SolutionGuid = {EE5D9D4A-E480-499E-9617-B7075A955CA8}
	EndGlobalSection
EndGlobal
